
Microsoft Visual Studio Solution File, Format Version 12.00
# Visual Studio Version 16
VisualStudioVersion = 16.0.33027.164
MinimumVisualStudioVersion = 10.0.40219.1
Project("{FAE04EC0-301F-11D3-BF4B-00C04F79EFBC}") = "Hakan.ParameterizedThread.ConsoleApp", "Hakan.ParameterizedThread.ConsoleApp.csproj", "{3E3C39C5-B5BB-4BC7-B1C6-47295F52B26F}"
EndProject
Global
	GlobalSection(SolutionConfigurationPlatforms) = preSolution
		Debug|Any CPU = Debug|Any CPU
		Release|Any CPU = Release|Any CPU
	EndGlobalSection
	GlobalSection(ProjectConfigurationPlatforms) = postSolution
		{3E3C39C5-B5BB-4BC7-B1C6-47295F52B26F}.Debug|Any CPU.ActiveCfg = Debug|Any CPU
		{3E3C39C5-B5BB-4BC7-B1C6-47295F52B26F}.Debug|Any CPU.Build.0 = Debug|Any CPU
		{3E3C39C5-B5BB-4BC7-B1C6-47295F52B26F}.Release|Any CPU.ActiveCfg = Release|Any CPU
		{3E3C39C5-B5BB-4BC7-B1C6-47295F52B26F}.Release|Any CPU.Build.0 = Release|Any CPU
	EndGlobalSection
	GlobalSection(SolutionProperties) = preSolution
		HideSolutionNode = FALSE
	EndGlobalSection
	GlobalSection(ExtensibilityGlobals) = postSolution
		SolutionGuid = {EE73C7D7-AEBA-478B-9BBE-A70D0ABB3722}
	EndGlobalSection
EndGlobal
